// !$*UTF8*$!
{
	archiveVersion = 1;
	classes = {
	};
	objectVersion = 46;
	objects = {

/* Begin PBXBuildFile section */
		09D45BC21D5678D000CF5B76 /* AppDelegate.swift in Sources */ = {isa = PBXBuildFile; fileRef = 09D45BC11D5678D000CF5B76 /* AppDelegate.swift */; };
		09D45BC41D5678D000CF5B76 /* ViewController.swift in Sources */ = {isa = PBXBuildFile; fileRef = 09D45BC31D5678D000CF5B76 /* ViewController.swift */; };
		09D45BC71D5678D000CF5B76 /* Main.storyboard in Resources */ = {isa = PBXBuildFile; fileRef = 09D45BC51D5678D000CF5B76 /* Main.storyboard */; };
		09D45BC91D5678D000CF5B76 /* Assets.xcassets in Resources */ = {isa = PBXBuildFile; fileRef = 09D45BC81D5678D000CF5B76 /* Assets.xcassets */; };
		09D45BCC1D5678D000CF5B76 /* LaunchScreen.storyboard in Resources */ = {isa = PBXBuildFile; fileRef = 09D45BCA1D5678D000CF5B76 /* LaunchScreen.storyboard */; };
		09D45BD71D56799F00CF5B76 /* Help.storyboard in Resources */ = {isa = PBXBuildFile; fileRef = 09D45BD61D56799F00CF5B76 /* Help.storyboard */; };
		09D45BD91D5679AE00CF5B76 /* Alert.storyboard in Resources */ = {isa = PBXBuildFile; fileRef = 09D45BD81D5679AE00CF5B76 /* Alert.storyboard */; };
		09D45BDB1D5679C800CF5B76 /* Maps.storyboard in Resources */ = {isa = PBXBuildFile; fileRef = 09D45BDA1D5679C800CF5B76 /* Maps.storyboard */; };
		09D45BDD1D5679DD00CF5B76 /* HelpVC.swift in Sources */ = {isa = PBXBuildFile; fileRef = 09D45BDC1D5679DD00CF5B76 /* HelpVC.swift */; };
		09D45BDF1D5679FA00CF5B76 /* HelpPostCell.swift in Sources */ = {isa = PBXBuildFile; fileRef = 09D45BDE1D5679FA00CF5B76 /* HelpPostCell.swift */; };
		09D45BE31D567A2E00CF5B76 /* AlertPostCell.swift in Sources */ = {isa = PBXBuildFile; fileRef = 09D45BE21D567A2E00CF5B76 /* AlertPostCell.swift */; };
		09D45BE51D567DF700CF5B76 /* AlertVC.swift in Sources */ = {isa = PBXBuildFile; fileRef = 09D45BE41D567DF700CF5B76 /* AlertVC.swift */; };
		7AC253A93334ADD9D96C4B53 /* Pods_Disease_Alert.framework in Frameworks */ = {isa = PBXBuildFile; fileRef = E336699101BB78853DEB9BDF /* Pods_Disease_Alert.framework */; };
/* End PBXBuildFile section */

/* Begin PBXFileReference section */
		09D45BBE1D5678D000CF5B76 /* Disease-Alert.app */ = {isa = PBXFileReference; explicitFileType = wrapper.application; includeInIndex = 0; path = "Disease-Alert.app"; sourceTree = BUILT_PRODUCTS_DIR; };
		09D45BC11D5678D000CF5B76 /* AppDelegate.swift */ = {isa = PBXFileReference; lastKnownFileType = sourcecode.swift; path = AppDelegate.swift; sourceTree = "<group>"; };
		09D45BC31D5678D000CF5B76 /* ViewController.swift */ = {isa = PBXFileReference; lastKnownFileType = sourcecode.swift; path = ViewController.swift; sourceTree = "<group>"; };
		09D45BC61D5678D000CF5B76 /* Base */ = {isa = PBXFileReference; lastKnownFileType = file.storyboard; name = Base; path = Base.lproj/Main.storyboard; sourceTree = "<group>"; };
		09D45BC81D5678D000CF5B76 /* Assets.xcassets */ = {isa = PBXFileReference; lastKnownFileType = folder.assetcatalog; path = Assets.xcassets; sourceTree = "<group>"; };
		09D45BCB1D5678D000CF5B76 /* Base */ = {isa = PBXFileReference; lastKnownFileType = file.storyboard; name = Base; path = Base.lproj/LaunchScreen.storyboard; sourceTree = "<group>"; };
		09D45BCD1D5678D000CF5B76 /* Info.plist */ = {isa = PBXFileReference; lastKnownFileType = text.plist.xml; path = Info.plist; sourceTree = "<group>"; };
		09D45BD61D56799F00CF5B76 /* Help.storyboard */ = {isa = PBXFileReference; fileEncoding = 4; lastKnownFileType = file.storyboard; path = Help.storyboard; sourceTree = "<group>"; };
		09D45BD81D5679AE00CF5B76 /* Alert.storyboard */ = {isa = PBXFileReference; fileEncoding = 4; lastKnownFileType = file.storyboard; path = Alert.storyboard; sourceTree = "<group>"; };
		09D45BDA1D5679C800CF5B76 /* Maps.storyboard */ = {isa = PBXFileReference; fileEncoding = 4; lastKnownFileType = file.storyboard; path = Maps.storyboard; sourceTree = "<group>"; };
		09D45BDC1D5679DD00CF5B76 /* HelpVC.swift */ = {isa = PBXFileReference; fileEncoding = 4; lastKnownFileType = sourcecode.swift; path = HelpVC.swift; sourceTree = "<group>"; };
		09D45BDE1D5679FA00CF5B76 /* HelpPostCell.swift */ = {isa = PBXFileReference; fileEncoding = 4; lastKnownFileType = sourcecode.swift; path = HelpPostCell.swift; sourceTree = "<group>"; };
		09D45BE21D567A2E00CF5B76 /* AlertPostCell.swift */ = {isa = PBXFileReference; fileEncoding = 4; lastKnownFileType = sourcecode.swift; path = AlertPostCell.swift; sourceTree = "<group>"; };
		09D45BE41D567DF700CF5B76 /* AlertVC.swift */ = {isa = PBXFileReference; fileEncoding = 4; lastKnownFileType = sourcecode.swift; path = AlertVC.swift; sourceTree = "<group>"; };
		81F399F8748AEAE36430BC1B /* Pods-Disease-Alert.release.xcconfig */ = {isa = PBXFileReference; includeInIndex = 1; lastKnownFileType = text.xcconfig; name = "Pods-Disease-Alert.release.xcconfig"; path = "Pods/Target Support Files/Pods-Disease-Alert/Pods-Disease-Alert.release.xcconfig"; sourceTree = "<group>"; };
		E336699101BB78853DEB9BDF /* Pods_Disease_Alert.framework */ = {isa = PBXFileReference; explicitFileType = wrapper.framework; includeInIndex = 0; path = Pods_Disease_Alert.framework; sourceTree = BUILT_PRODUCTS_DIR; };
		EF980BE15CA25CC0B7B97FE2 /* Pods-Disease-Alert.debug.xcconfig */ = {isa = PBXFileReference; includeInIndex = 1; lastKnownFileType = text.xcconfig; name = "Pods-Disease-Alert.debug.xcconfig"; path = "Pods/Target Support Files/Pods-Disease-Alert/Pods-Disease-Alert.debug.xcconfig"; sourceTree = "<group>"; };
/* End PBXFileReference section */

/* Begin PBXFrameworksBuildPhase section */
		09D45BBB1D5678D000CF5B76 /* Frameworks */ = {
			isa = PBXFrameworksBuildPhase;
			buildActionMask = 2147483647;
			files = (
				7AC253A93334ADD9D96C4B53 /* Pods_Disease_Alert.framework in Frameworks */,
			);
			runOnlyForDeploymentPostprocessing = 0;
		};
/* End PBXFrameworksBuildPhase section */

/* Begin PBXGroup section */
		09D45BB51D5678D000CF5B76 = {
			isa = PBXGroup;
			children = (
				09D45BD51D56797500CF5B76 /* Help */,
				09D45BD41D56796300CF5B76 /* Maps */,
				09D45BD31D56795600CF5B76 /* AlertFeed */,
				09D45BC01D5678D000CF5B76 /* Disease-Alert */,
				09D45BBF1D5678D000CF5B76 /* Products */,
				EFED969B4444A278DB10CEFC /* Pods */,
				F72C69F8EAC8C0BAA357FE07 /* Frameworks */,
			);
			sourceTree = "<group>";
		};
		09D45BBF1D5678D000CF5B76 /* Products */ = {
			isa = PBXGroup;
			children = (
				09D45BBE1D5678D000CF5B76 /* Disease-Alert.app */,
			);
			name = Products;
			sourceTree = "<group>";
		};
		09D45BC01D5678D000CF5B76 /* Disease-Alert */ = {
			isa = PBXGroup;
			children = (
				09D45BC11D5678D000CF5B76 /* AppDelegate.swift */,
				09D45BC31D5678D000CF5B76 /* ViewController.swift */,
				09D45BC51D5678D000CF5B76 /* Main.storyboard */,
				09D45BC81D5678D000CF5B76 /* Assets.xcassets */,
				09D45BCA1D5678D000CF5B76 /* LaunchScreen.storyboard */,
				09D45BCD1D5678D000CF5B76 /* Info.plist */,
			);
			path = "Disease-Alert";
			sourceTree = "<group>";
		};
		09D45BD31D56795600CF5B76 /* AlertFeed */ = {
			isa = PBXGroup;
			children = (
				09D45BD81D5679AE00CF5B76 /* Alert.storyboard */,
				09D45BE21D567A2E00CF5B76 /* AlertPostCell.swift */,
				09D45BE41D567DF700CF5B76 /* AlertVC.swift */,
			);
			name = AlertFeed;
			sourceTree = "<group>";
		};
		09D45BD41D56796300CF5B76 /* Maps */ = {
			isa = PBXGroup;
			children = (
				09D45BDA1D5679C800CF5B76 /* Maps.storyboard */,
			);
			name = Maps;
			sourceTree = "<group>";
		};
		09D45BD51D56797500CF5B76 /* Help */ = {
			isa = PBXGroup;
			children = (
				09D45BD61D56799F00CF5B76 /* Help.storyboard */,
				09D45BDC1D5679DD00CF5B76 /* HelpVC.swift */,
				09D45BDE1D5679FA00CF5B76 /* HelpPostCell.swift */,
			);
			name = Help;
			sourceTree = "<group>";
		};
		EFED969B4444A278DB10CEFC /* Pods */ = {
			isa = PBXGroup;
			children = (
				EF980BE15CA25CC0B7B97FE2 /* Pods-Disease-Alert.debug.xcconfig */,
				81F399F8748AEAE36430BC1B /* Pods-Disease-Alert.release.xcconfig */,
			);
			name = Pods;
			sourceTree = "<group>";
		};
		F72C69F8EAC8C0BAA357FE07 /* Frameworks */ = {
			isa = PBXGroup;
			children = (
				E336699101BB78853DEB9BDF /* Pods_Disease_Alert.framework */,
			);
			name = Frameworks;
			sourceTree = "<group>";
		};
/* End PBXGroup section */

/* Begin PBXNativeTarget section */
		09D45BBD1D5678D000CF5B76 /* Disease-Alert */ = {
			isa = PBXNativeTarget;
			buildConfigurationList = 09D45BD01D5678D000CF5B76 /* Build configuration list for PBXNativeTarget "Disease-Alert" */;
			buildPhases = (
				C095B085C62AA81E65C69E96 /* [CP] Check Pods Manifest.lock */,
				09D45BBA1D5678D000CF5B76 /* Sources */,
				09D45BBB1D5678D000CF5B76 /* Frameworks */,
				09D45BBC1D5678D000CF5B76 /* Resources */,
				98CF1D318D49E52B9C1F041B /* [CP] Embed Pods Frameworks */,
				93951A78B60529EDFB2F67D7 /* [CP] Copy Pods Resources */,
			);
			buildRules = (
			);
			dependencies = (
			);
			name = "Disease-Alert";
			productName = "Disease-Alert";
			productReference = 09D45BBE1D5678D000CF5B76 /* Disease-Alert.app */;
			productType = "com.apple.product-type.application";
		};
/* End PBXNativeTarget section */

/* Begin PBXProject section */
		09D45BB61D5678D000CF5B76 /* Project object */ = {
			isa = PBXProject;
			attributes = {
				LastSwiftUpdateCheck = 0730;
				LastUpgradeCheck = 0730;
				ORGANIZATIONNAME = "Eric Wong";
				TargetAttributes = {
					09D45BBD1D5678D000CF5B76 = {
						CreatedOnToolsVersion = 7.3.1;
					};
				};
			};
			buildConfigurationList = 09D45BB91D5678D000CF5B76 /* Build configuration list for PBXProject "Disease-Alert" */;
			compatibilityVersion = "Xcode 3.2";
			developmentRegion = English;
			hasScannedForEncodings = 0;
			knownRegions = (
				en,
				Base,
			);
			mainGroup = 09D45BB51D5678D000CF5B76;
			productRefGroup = 09D45BBF1D5678D000CF5B76 /* Products */;
			projectDirPath = "";
			projectRoot = "";
			targets = (
				09D45BBD1D5678D000CF5B76 /* Disease-Alert */,
			);
		};
/* End PBXProject section */

/* Begin PBXResourcesBuildPhase section */
		09D45BBC1D5678D000CF5B76 /* Resources */ = {
			isa = PBXResourcesBuildPhase;
			buildActionMask = 2147483647;
			files = (
				09D45BCC1D5678D000CF5B76 /* LaunchScreen.storyboard in Resources */,
				09D45BDB1D5679C800CF5B76 /* Maps.storyboard in Resources */,
				09D45BD91D5679AE00CF5B76 /* Alert.storyboard in Resources */,
				09D45BC91D5678D000CF5B76 /* Assets.xcassets in Resources */,
				09D45BC71D5678D000CF5B76 /* Main.storyboard in Resources */,
				09D45BD71D56799F00CF5B76 /* Help.storyboard in Resources */,
			);
			runOnlyForDeploymentPostprocessing = 0;
		};
/* End PBXResourcesBuildPhase section */

/* Begin PBXShellScriptBuildPhase section */
		93951A78B60529EDFB2F67D7 /* [CP] Copy Pods Resources */ = {
			isa = PBXShellScriptBuildPhase;
			buildActionMask = 2147483647;
			files = (
			);
			inputPaths = (
			);
			name = "[CP] Copy Pods Resources";
			outputPaths = (
			);
			runOnlyForDeploymentPostprocessing = 0;
			shellPath = /bin/sh;
			shellScript = "\"${SRCROOT}/Pods/Target Support Files/Pods-Disease-Alert/Pods-Disease-Alert-resources.sh\"\n";
			showEnvVarsInLog = 0;
		};
		98CF1D318D49E52B9C1F041B /* [CP] Embed Pods Frameworks */ = {
			isa = PBXShellScriptBuildPhase;
			buildActionMask = 2147483647;
			files = (
			);
			inputPaths = (
			);
			name = "[CP] Embed Pods Frameworks";
			outputPaths = (
			);
			runOnlyForDeploymentPostprocessing = 0;
			shellPath = /bin/sh;
			shellScript = "\"${SRCROOT}/Pods/Target Support Files/Pods-Disease-Alert/Pods-Disease-Alert-frameworks.sh\"\n";
			showEnvVarsInLog = 0;
		};
		C095B085C62AA81E65C69E96 /* [CP] Check Pods Manifest.lock */ = {
			isa = PBXShellScriptBuildPhase;
			buildActionMask = 2147483647;
			files = (
			);
			inputPaths = (
			);
			name = "[CP] Check Pods Manifest.lock";
			outputPaths = (
			);
			runOnlyForDeploymentPostprocessing = 0;
			shellPath = /bin/sh;
			shellScript = "diff \"${PODS_ROOT}/../Podfile.lock\" \"${PODS_ROOT}/Manifest.lock\" > /dev/null\nif [[ $? != 0 ]] ; then\n    cat << EOM\nerror: The sandbox is not in sync with the Podfile.lock. Run 'pod install' or update your CocoaPods installation.\nEOM\n    exit 1\nfi\n";
			showEnvVarsInLog = 0;
		};
/* End PBXShellScriptBuildPhase section */

/* Begin PBXSourcesBuildPhase section */
		09D45BBA1D5678D000CF5B76 /* Sources */ = {
			isa = PBXSourcesBuildPhase;
			buildActionMask = 2147483647;
			files = (
				09D45BE31D567A2E00CF5B76 /* AlertPostCell.swift in Sources */,
				09D45BDD1D5679DD00CF5B76 /* HelpVC.swift in Sources */,
				09D45BC41D5678D000CF5B76 /* ViewController.swift in Sources */,
				09D45BE51D567DF700CF5B76 /* AlertVC.swift in Sources */,
				09D45BC21D5678D000CF5B76 /* AppDelegate.swift in Sources */,
				09D45BDF1D5679FA00CF5B76 /* HelpPostCell.swift in Sources */,
			);
			runOnlyForDeploymentPostprocessing = 0;
		};
/* End PBXSourcesBuildPhase section */

/* Begin PBXVariantGroup section */
		09D45BC51D5678D000CF5B76 /* Main.storyboard */ = {
			isa = PBXVariantGroup;
			children = (
				09D45BC61D5678D000CF5B76 /* Base */,
			);
			name = Main.storyboard;
			sourceTree = "<group>";
		};
		09D45BCA1D5678D000CF5B76 /* LaunchScreen.storyboard */ = {
			isa = PBXVariantGroup;
			children = (
				09D45BCB1D5678D000CF5B76 /* Base */,
			);
			name = LaunchScreen.storyboard;
			sourceTree = "<group>";
		};
/* End PBXVariantGroup section */

/* Begin XCBuildConfiguration section */
		09D45BCE1D5678D000CF5B76 /* Debug */ = {
			isa = XCBuildConfiguration;
			buildSettings = {
				ALWAYS_SEARCH_USER_PATHS = NO;
				CLANG_ANALYZER_NONNULL = YES;
				CLANG_CXX_LANGUAGE_STANDARD = "gnu++0x";
				CLANG_CXX_LIBRARY = "libc++";
				CLANG_ENABLE_MODULES = YES;
				CLANG_ENABLE_OBJC_ARC = YES;
				CLANG_WARN_BOOL_CONVERSION = YES;
				CLANG_WARN_CONSTANT_CONVERSION = YES;
				CLANG_WARN_DIRECT_OBJC_ISA_USAGE = YES_ERROR;
				CLANG_WARN_EMPTY_BODY = YES;
				CLANG_WARN_ENUM_CONVERSION = YES;
				CLANG_WARN_INT_CONVERSION = YES;
				CLANG_WARN_OBJC_ROOT_CLASS = YES_ERROR;
				CLANG_WARN_UNREACHABLE_CODE = YES;
				CLANG_WARN__DUPLICATE_METHOD_MATCH = YES;
				"CODE_SIGN_IDENTITY[sdk=iphoneos*]" = "iPhone Developer";
				COPY_PHASE_STRIP = NO;
				DEBUG_INFORMATION_FORMAT = dwarf;
				ENABLE_STRICT_OBJC_MSGSEND = YES;
				ENABLE_TESTABILITY = YES;
				GCC_C_LANGUAGE_STANDARD = gnu99;
				GCC_DYNAMIC_NO_PIC = NO;
				GCC_NO_COMMON_BLOCKS = YES;
				GCC_OPTIMIZATION_LEVEL = 0;
				GCC_PREPROCESSOR_DEFINITIONS = (
					"DEBUG=1",
					"$(inherited)",
				);
				GCC_WARN_64_TO_32_BIT_CONVERSION = YES;
				GCC_WARN_ABOUT_RETURN_TYPE = YES_ERROR;
				GCC_WARN_UNDECLARED_SELECTOR = YES;
				GCC_WARN_UNINITIALIZED_AUTOS = YES_AGGRESSIVE;
				GCC_WARN_UNUSED_FUNCTION = YES;
				GCC_WARN_UNUSED_VARIABLE = YES;
				IPHONEOS_DEPLOYMENT_TARGET = 9.3;
				MTL_ENABLE_DEBUG_INFO = YES;
				ONLY_ACTIVE_ARCH = YES;
				SDKROOT = iphoneos;
				SWIFT_OPTIMIZATION_LEVEL = "-Onone";
			};
			name = Debug;
		};
		09D45BCF1D5678D000CF5B76 /* Release */ = {
			isa = XCBuildConfiguration;
			buildSettings = {
				ALWAYS_SEARCH_USER_PATHS = NO;
				CLANG_ANALYZER_NONNULL = YES;
				CLANG_CXX_LANGUAGE_STANDARD = "gnu++0x";
				CLANG_CXX_LIBRARY = "libc++";
				CLANG_ENABLE_MODULES = YES;
				CLANG_ENABLE_OBJC_ARC = YES;
				CLANG_WARN_BOOL_CONVERSION = YES;
				CLANG_WARN_CONSTANT_CONVERSION = YES;
				CLANG_WARN_DIRECT_OBJC_ISA_USAGE = YES_ERROR;
				CLANG_WARN_EMPTY_BODY = YES;
				CLANG_WARN_ENUM_CONVERSION = YES;
				CLANG_WARN_INT_CONVERSION = YES;
				CLANG_WARN_OBJC_ROOT_CLASS = YES_ERROR;
				CLANG_WARN_UNREACHABLE_CODE = YES;
				CLANG_WARN__DUPLICATE_METHOD_MATCH = YES;
				"CODE_SIGN_IDENTITY[sdk=iphoneos*]" = "iPhone Developer";
				COPY_PHASE_STRIP = NO;
				DEBUG_INFORMATION_FORMAT = "dwarf-with-dsym";
				ENABLE_NS_ASSERTIONS = NO;
				ENABLE_STRICT_OBJC_MSGSEND = YES;
				GCC_C_LANGUAGE_STANDARD = gnu99;
				GCC_NO_COMMON_BLOCKS = YES;
				GCC_WARN_64_TO_32_BIT_CONVERSION = YES;
				GCC_WARN_ABOUT_RETURN_TYPE = YES_ERROR;
				GCC_WARN_UNDECLARED_SELECTOR = YES;
				GCC_WARN_UNINITIALIZED_AUTOS = YES_AGGRESSIVE;
				GCC_WARN_UNUSED_FUNCTION = YES;
				GCC_WARN_UNUSED_VARIABLE = YES;
				IPHONEOS_DEPLOYMENT_TARGET = 9.3;
				MTL_ENABLE_DEBUG_INFO = NO;
				SDKROOT = iphoneos;
				VALIDATE_PRODUCT = YES;
			};
			name = Release;
		};
		09D45BD11D5678D000CF5B76 /* Debug */ = {
			isa = XCBuildConfiguration;
			baseConfigurationReference = EF980BE15CA25CC0B7B97FE2 /* Pods-Disease-Alert.debug.xcconfig */;
			buildSettings = {
				ASSETCATALOG_COMPILER_APPICON_NAME = AppIcon;
				INFOPLIST_FILE = "Disease-Alert/Info.plist";
				LD_RUNPATH_SEARCH_PATHS = "$(inherited) @executable_path/Frameworks";
				PRODUCT_BUNDLE_IDENTIFIER = "tawpy.com.Disease-Alert";
				PRODUCT_NAME = "$(TARGET_NAME)";
			};
			name = Debug;
		};
		09D45BD21D5678D000CF5B76 /* Release */ = {
			isa = XCBuildConfiguration;
			baseConfigurationReference = 81F399F8748AEAE36430BC1B /* Pods-Disease-Alert.release.xcconfig */;
			buildSettings = {
				ASSETCATALOG_COMPILER_APPICON_NAME = AppIcon;
				INFOPLIST_FILE = "Disease-Alert/Info.plist";
				LD_RUNPATH_SEARCH_PATHS = "$(inherited) @executable_path/Frameworks";
				PRODUCT_BUNDLE_IDENTIFIER = "tawpy.com.Disease-Alert";
				PRODUCT_NAME = "$(TARGET_NAME)";
			};
			name = Release;
		};
/* End XCBuildConfiguration section */

/* Begin XCConfigurationList section */
		09D45BB91D5678D000CF5B76 /* Build configuration list for PBXProject "Disease-Alert" */ = {
			isa = XCConfigurationList;
			buildConfigurations = (
				09D45BCE1D5678D000CF5B76 /* Debug */,
				09D45BCF1D5678D000CF5B76 /* Release */,
			);
			defaultConfigurationIsVisible = 0;
			defaultConfigurationName = Release;
		};
		09D45BD01D5678D000CF5B76 /* Build configuration list for PBXNativeTarget "Disease-Alert" */ = {
			isa = XCConfigurationList;
			buildConfigurations = (
				09D45BD11D5678D000CF5B76 /* Debug */,
				09D45BD21D5678D000CF5B76 /* Release */,
			);
			defaultConfigurationIsVisible = 0;
			defaultConfigurationName = Release;
		};
/* End XCConfigurationList section */
	};
	rootObject = 09D45BB61D5678D000CF5B76 /* Project object */;
}
